{
  "name": "Chess Game Generator",
  "lockfileVersion": 3,
  "requires": true,
  "packages": {
    "": {
      "dependencies": {
        "chess.mjs": "^1.4.1"
      }
    },
    "node_modules/chess.mjs": {
      "version": "1.4.1",
      "resolved": "https://registry.npmjs.org/chess.mjs/-/chess.mjs-1.4.1.tgz",
      "integrity": "sha512-6yR5MZifTpX0gtq4nCo2P40uUre1oh4ItJmhjCx/hYw3UJ3cbg47lL4Zya3se9EcjBkGcp8qIBXZswFskPK0BA==",
      "license": "BSD-2-Clause"
    }
  }
}
